
Microsoft Visual Studio Solution File, Format Version 12.00
# Visual Studio Version 16
VisualStudioVersion = 16.0.31129.286
MinimumVisualStudioVersion = 10.0.40219.1
Project("{159641D6-6404-4A2A-AE62-294DE0FE8301}") = "DataProfiling", "DataProfiling.dtproj", "{5B72EF90-B13E-4060-B936-A92149E8F479}"
EndProject
Global
	GlobalSection(SolutionConfigurationPlatforms) = preSolution
		Development|Default = Development|Default
	EndGlobalSection
	GlobalSection(ProjectConfigurationPlatforms) = postSolution
		{5B72EF90-B13E-4060-B936-A92149E8F479}.Development|Default.ActiveCfg = Development
		{5B72EF90-B13E-4060-B936-A92149E8F479}.Development|Default.Build.0 = Development
	EndGlobalSection
	GlobalSection(SolutionProperties) = preSolution
		HideSolutionNode = FALSE
	EndGlobalSection
	GlobalSection(ExtensibilityGlobals) = postSolution
		SolutionGuid = {F4A78180-1CAB-47FF-A8E0-CEC2384BE027}
	EndGlobalSection
EndGlobal
